<?xml version="1.0" encoding="utf-8"?>
<Project ToolsVersion="4.0" xmlns="http://schemas.microsoft.com/developer/msbuild/2003">
  <ItemGroup>
    <ClCompile Include="..\..\code\source\main.cpp">
      <Filter>source</Filter>
    </ClCompile>
    <ClCompile Include="..\..\code\source\Star.cpp">
      <Filter>source</Filter>
    </ClCompile>
    <ClCompile Include="..\..\code\source\Trail.cpp">
      <Filter>source</Filter>
    </ClCompile>
  </ItemGroup>
  <ItemGroup>
    <ClInclude Include="..\..\code\headers\Model2D.hpp">
      <Filter>header</Filter>
    </ClInclude>
    <ClInclude Include="..\..\code\headers\Star.hpp">
      <Filter>header</Filter>
    </ClInclude>
    <ClInclude Include="..\..\code\headers\Helper.hpp">
      <Filter>header</Filter>
    </ClInclude>
    <ClInclude Include="..\..\code\headers\Trail.hpp">
      <Filter>header</Filter>
    </ClInclude>
  </ItemGroup>
  <ItemGroup>
    <Filter Include="source">
      <UniqueIdentifier>{3e63a157-54c6-4a36-ad83-9fd745b9eec4}</UniqueIdentifier>
    </Filter>
    <Filter Include="header">
      <UniqueIdentifier>{bb459d92-4cdd-413e-99cd-a189674266b6}</UniqueIdentifier>
    </Filter>
  </ItemGroup>
</Project>